
Microsoft Visual Studio Solution File, Format Version 12.00
# Visual Studio Version 16
VisualStudioVersion = 16.0.30011.22
MinimumVisualStudioVersion = 10.0.40219.1
Project("{FAE04EC0-301F-11D3-BF4B-00C04F79EFBC}") = "AppShortcutsMasterDetailTest.Android", "AppShortcutsMasterDetailTest\AppShortcutsMasterDetailTest.Android\AppShortcutsMasterDetailTest.Android.csproj", "{2A976227-5936-46FF-81BC-1DE687FA24B5}"
EndProject
Project("{FAE04EC0-301F-11D3-BF4B-00C04F79EFBC}") = "AppShortcutsMasterDetailTest", "AppShortcutsMasterDetailTest\AppShortcutsMasterDetailTest\AppShortcutsMasterDetailTest.csproj", "{9D89D50C-9B0A-41F7-8DD5-13955FB0F490}"
EndProject
Global
	GlobalSection(SolutionConfigurationPlatforms) = preSolution
		Debug|Any CPU = Debug|Any CPU
		Release|Any CPU = Release|Any CPU
	EndGlobalSection
	GlobalSection(ProjectConfigurationPlatforms) = postSolution
		{2A976227-5936-46FF-81BC-1DE687FA24B5}.Debug|Any CPU.ActiveCfg = Debug|Any CPU
		{2A976227-5936-46FF-81BC-1DE687FA24B5}.Debug|Any CPU.Build.0 = Debug|Any CPU
		{2A976227-5936-46FF-81BC-1DE687FA24B5}.Debug|Any CPU.Deploy.0 = Debug|Any CPU
		{2A976227-5936-46FF-81BC-1DE687FA24B5}.Release|Any CPU.ActiveCfg = Release|Any CPU
		{2A976227-5936-46FF-81BC-1DE687FA24B5}.Release|Any CPU.Build.0 = Release|Any CPU
		{2A976227-5936-46FF-81BC-1DE687FA24B5}.Release|Any CPU.Deploy.0 = Release|Any CPU
		{9D89D50C-9B0A-41F7-8DD5-13955FB0F490}.Debug|Any CPU.ActiveCfg = Debug|Any CPU
		{9D89D50C-9B0A-41F7-8DD5-13955FB0F490}.Debug|Any CPU.Build.0 = Debug|Any CPU
		{9D89D50C-9B0A-41F7-8DD5-13955FB0F490}.Debug|Any CPU.Deploy.0 = Debug|Any CPU
		{9D89D50C-9B0A-41F7-8DD5-13955FB0F490}.Release|Any CPU.ActiveCfg = Release|Any CPU
		{9D89D50C-9B0A-41F7-8DD5-13955FB0F490}.Release|Any CPU.Build.0 = Release|Any CPU
		{9D89D50C-9B0A-41F7-8DD5-13955FB0F490}.Release|Any CPU.Deploy.0 = Release|Any CPU
	EndGlobalSection
	GlobalSection(SolutionProperties) = preSolution
		HideSolutionNode = FALSE
	EndGlobalSection
	GlobalSection(ExtensibilityGlobals) = postSolution
		SolutionGuid = {B47A5CEF-4DEA-44DF-9018-E8B747BD2234}
	EndGlobalSection
EndGlobal
